{
  "name": "aqgr-lib",
  "version": "0.0.1",
  "lockfileVersion": 1,
  "requires": true,
  "dependencies": {
    "bootstrap": {
      "version": "4.5.3",
      "resolved": "https://registry.npmjs.org/bootstrap/-/bootstrap-4.5.3.tgz",
      "integrity": "sha512-o9ppKQioXGqhw8Z7mah6KdTYpNQY//tipnkxppWhPbiSWdD+1raYsnhwEZjkTHYbGee4cVQ0Rx65EhOY/HNLcQ==",
      "dev": true
    },
    "ngx-bootstrap": {
      "version": "5.6.2",
      "resolved": "https://registry.npmjs.org/ngx-bootstrap/-/ngx-bootstrap-5.6.2.tgz",
      "integrity": "sha512-6YHXtdXkGH3w0NQoaUgNYAcrj064Lv5RTO284ha/hvpNTrh55yQz2cVh0VvwBk3MjyY2tdmLH4SuCJDszYdYiw==",
      "dev": true
    }
  }
}
